
Microsoft Visual Studio Solution File, Format Version 12.00
# Visual Studio Version 17
VisualStudioVersion = 17.14.36811.4
MinimumVisualStudioVersion = 10.0.40219.1
Project("{2150E333-8FDC-42A3-9474-1A3956D46DE8}") = "Core", "Core", "{02EA681E-C7D8-13C7-8484-4AC65E1B71E8}"
EndProject
Project("{2150E333-8FDC-42A3-9474-1A3956D46DE8}") = "Infrastructure", "Infrastructure", "{CFDCFBC6-7531-4863-A31A-85DCAAE4B900}"
EndProject
Project("{2150E333-8FDC-42A3-9474-1A3956D46DE8}") = "Presentation", "Presentation", "{A37FF3D9-2E38-49B3-88D3-502D45B9E244}"
EndProject
Project("{FAE04EC0-301F-11D3-BF4B-00C04F79EFBC}") = "Project.Domain", "Core\Project.Domain\Project.Domain.csproj", "{076D6B9F-6558-4412-B16F-B98F986179AF}"
EndProject
Project("{FAE04EC0-301F-11D3-BF4B-00C04F79EFBC}") = "Project.Application", "Core\Project.Application\Project.Application.csproj", "{FD70B11D-DDBB-43C6-A769-F83EEDA7E180}"
EndProject
Project("{FAE04EC0-301F-11D3-BF4B-00C04F79EFBC}") = "Project.Contract", "Core\Project.Contract\Project.Contract.csproj", "{C93C4DF3-CB96-40B0-85D9-A054C91EC7D5}"
EndProject
Project("{FAE04EC0-301F-11D3-BF4B-00C04F79EFBC}") = "Project.InnerInfrastructure", "Infrastructure\Project.InnerInfrastructure\Project.InnerInfrastructure.csproj", "{308CBD09-61F4-4ECD-80D6-2397FF164982}"
EndProject
Project("{FAE04EC0-301F-11D3-BF4B-00C04F79EFBC}") = "Project.OuterInfrastructure", "Infrastructure\Project.OuterInfrastructure\Project.OuterInfrastructure.csproj", "{9F43A6D0-6BF3-4CDB-BC1A-CFBF4CE2C4E5}"
EndProject
Project("{FAE04EC0-301F-11D3-BF4B-00C04F79EFBC}") = "Project.Persistance", "Infrastructure\Project.Persistance\Project.Persistance.csproj", "{5EFED3C2-7914-4192-8578-407A4E99763A}"
EndProject
Project("{FAE04EC0-301F-11D3-BF4B-00C04F79EFBC}") = "Project.Validator", "Infrastructure\Project.Validator\Project.Validator.csproj", "{8BD9B616-7C19-486B-8B79-08E3060243DE}"
EndProject
Project("{FAE04EC0-301F-11D3-BF4B-00C04F79EFBC}") = "Project.UI", "Presentation\Project.UI\Project.UI.csproj", "{3DC98464-71AD-46A2-B6D9-5A70DBD504A0}"
EndProject
Project("{2150E333-8FDC-42A3-9474-1A3956D46DE8}") = "SolutionItems", "SolutionItems", "{8EC462FD-D22E-90A8-E5CE-7E832BA40C5D}"
EndProject
Project("{2150E333-8FDC-42A3-9474-1A3956D46DE8}") = "ScreenShots", "ScreenShots", "{1D5326E6-139C-4D9B-8499-F475B5B6126B}"
	ProjectSection(SolutionItems) = preProject
		..\..\..\Desktop\Alim Faturasi Olusturma Ve Duzenleme Ekrani.png = ..\..\..\Desktop\Alim Faturasi Olusturma Ve Duzenleme Ekrani.png
		..\..\..\Desktop\Personel Yonetim Ekrani.png = ..\..\..\Desktop\Personel Yonetim Ekrani.png
		..\..\..\Desktop\Siparis Olusturma.gif = ..\..\..\Desktop\Siparis Olusturma.gif
		..\..\..\Desktop\Solution Explorer.png = ..\..\..\Desktop\Solution Explorer.png
		..\..\..\Desktop\Tedarikçi Yönetim Ekrani.png = ..\..\..\Desktop\Tedarikçi Yönetim Ekrani.png
		..\..\..\Desktop\Urun Yonetim Ekrani.png = ..\..\..\Desktop\Urun Yonetim Ekrani.png
	EndProjectSection
EndProject
Project("{2150E333-8FDC-42A3-9474-1A3956D46DE8}") = "Tests", "Tests", "{7CCCAA23-CB53-4E64-BA36-877C425A0161}"
EndProject
Project("{FAE04EC0-301F-11D3-BF4B-00C04F79EFBC}") = "Project.UnitTests", "Tests\Project.UnitTests\Project.UnitTests.csproj", "{464DDC64-829D-4594-AED8-2EF167DA2BCC}"
EndProject
Project("{FAE04EC0-301F-11D3-BF4B-00C04F79EFBC}") = "Project.IntegrationTests", "Tests\Project.IntegrationTests\Project.IntegrationTests.csproj", "{49CFE91C-5235-44EA-B451-2AA537970249}"
EndProject
Project("{FAE04EC0-301F-11D3-BF4B-00C04F79EFBC}") = "Project.API", "Presentation\Project.API\Project.API.csproj", "{9879787E-99FB-4E3A-866A-9298DBDAC31C}"
EndProject
Global
	GlobalSection(SolutionConfigurationPlatforms) = preSolution
		Debug|Any CPU = Debug|Any CPU
		Release|Any CPU = Release|Any CPU
	EndGlobalSection
	GlobalSection(ProjectConfigurationPlatforms) = postSolution
		{076D6B9F-6558-4412-B16F-B98F986179AF}.Debug|Any CPU.ActiveCfg = Debug|Any CPU
		{076D6B9F-6558-4412-B16F-B98F986179AF}.Debug|Any CPU.Build.0 = Debug|Any CPU
		{076D6B9F-6558-4412-B16F-B98F986179AF}.Release|Any CPU.ActiveCfg = Release|Any CPU
		{076D6B9F-6558-4412-B16F-B98F986179AF}.Release|Any CPU.Build.0 = Release|Any CPU
		{FD70B11D-DDBB-43C6-A769-F83EEDA7E180}.Debug|Any CPU.ActiveCfg = Debug|Any CPU
		{FD70B11D-DDBB-43C6-A769-F83EEDA7E180}.Debug|Any CPU.Build.0 = Debug|Any CPU
		{FD70B11D-DDBB-43C6-A769-F83EEDA7E180}.Release|Any CPU.ActiveCfg = Release|Any CPU
		{FD70B11D-DDBB-43C6-A769-F83EEDA7E180}.Release|Any CPU.Build.0 = Release|Any CPU
		{C93C4DF3-CB96-40B0-85D9-A054C91EC7D5}.Debug|Any CPU.ActiveCfg = Debug|Any CPU
		{C93C4DF3-CB96-40B0-85D9-A054C91EC7D5}.Debug|Any CPU.Build.0 = Debug|Any CPU
		{C93C4DF3-CB96-40B0-85D9-A054C91EC7D5}.Release|Any CPU.ActiveCfg = Release|Any CPU
		{C93C4DF3-CB96-40B0-85D9-A054C91EC7D5}.Release|Any CPU.Build.0 = Release|Any CPU
		{308CBD09-61F4-4ECD-80D6-2397FF164982}.Debug|Any CPU.ActiveCfg = Debug|Any CPU
		{308CBD09-61F4-4ECD-80D6-2397FF164982}.Debug|Any CPU.Build.0 = Debug|Any CPU
		{308CBD09-61F4-4ECD-80D6-2397FF164982}.Release|Any CPU.ActiveCfg = Release|Any CPU
		{308CBD09-61F4-4ECD-80D6-2397FF164982}.Release|Any CPU.Build.0 = Release|Any CPU
		{9F43A6D0-6BF3-4CDB-BC1A-CFBF4CE2C4E5}.Debug|Any CPU.ActiveCfg = Debug|Any CPU
		{9F43A6D0-6BF3-4CDB-BC1A-CFBF4CE2C4E5}.Debug|Any CPU.Build.0 = Debug|Any CPU
		{9F43A6D0-6BF3-4CDB-BC1A-CFBF4CE2C4E5}.Release|Any CPU.ActiveCfg = Release|Any CPU
		{9F43A6D0-6BF3-4CDB-BC1A-CFBF4CE2C4E5}.Release|Any CPU.Build.0 = Release|Any CPU
		{5EFED3C2-7914-4192-8578-407A4E99763A}.Debug|Any CPU.ActiveCfg = Debug|Any CPU
		{5EFED3C2-7914-4192-8578-407A4E99763A}.Debug|Any CPU.Build.0 = Debug|Any CPU
		{5EFED3C2-7914-4192-8578-407A4E99763A}.Release|Any CPU.ActiveCfg = Release|Any CPU
		{5EFED3C2-7914-4192-8578-407A4E99763A}.Release|Any CPU.Build.0 = Release|Any CPU
		{8BD9B616-7C19-486B-8B79-08E3060243DE}.Debug|Any CPU.ActiveCfg = Debug|Any CPU
		{8BD9B616-7C19-486B-8B79-08E3060243DE}.Debug|Any CPU.Build.0 = Debug|Any CPU
		{8BD9B616-7C19-486B-8B79-08E3060243DE}.Release|Any CPU.ActiveCfg = Release|Any CPU
		{8BD9B616-7C19-486B-8B79-08E3060243DE}.Release|Any CPU.Build.0 = Release|Any CPU
		{3DC98464-71AD-46A2-B6D9-5A70DBD504A0}.Debug|Any CPU.ActiveCfg = Debug|Any CPU
		{3DC98464-71AD-46A2-B6D9-5A70DBD504A0}.Debug|Any CPU.Build.0 = Debug|Any CPU
		{3DC98464-71AD-46A2-B6D9-5A70DBD504A0}.Release|Any CPU.ActiveCfg = Release|Any CPU
		{3DC98464-71AD-46A2-B6D9-5A70DBD504A0}.Release|Any CPU.Build.0 = Release|Any CPU
		{464DDC64-829D-4594-AED8-2EF167DA2BCC}.Debug|Any CPU.ActiveCfg = Debug|Any CPU
		{464DDC64-829D-4594-AED8-2EF167DA2BCC}.Debug|Any CPU.Build.0 = Debug|Any CPU
		{464DDC64-829D-4594-AED8-2EF167DA2BCC}.Release|Any CPU.ActiveCfg = Release|Any CPU
		{464DDC64-829D-4594-AED8-2EF167DA2BCC}.Release|Any CPU.Build.0 = Release|Any CPU
		{49CFE91C-5235-44EA-B451-2AA537970249}.Debug|Any CPU.ActiveCfg = Debug|Any CPU
		{49CFE91C-5235-44EA-B451-2AA537970249}.Debug|Any CPU.Build.0 = Debug|Any CPU
		{49CFE91C-5235-44EA-B451-2AA537970249}.Release|Any CPU.ActiveCfg = Release|Any CPU
		{49CFE91C-5235-44EA-B451-2AA537970249}.Release|Any CPU.Build.0 = Release|Any CPU
		{9879787E-99FB-4E3A-866A-9298DBDAC31C}.Debug|Any CPU.ActiveCfg = Debug|Any CPU
		{9879787E-99FB-4E3A-866A-9298DBDAC31C}.Debug|Any CPU.Build.0 = Debug|Any CPU
		{9879787E-99FB-4E3A-866A-9298DBDAC31C}.Release|Any CPU.ActiveCfg = Release|Any CPU
		{9879787E-99FB-4E3A-866A-9298DBDAC31C}.Release|Any CPU.Build.0 = Release|Any CPU
	EndGlobalSection
	GlobalSection(SolutionProperties) = preSolution
		HideSolutionNode = FALSE
	EndGlobalSection
	GlobalSection(NestedProjects) = preSolution
		{076D6B9F-6558-4412-B16F-B98F986179AF} = {02EA681E-C7D8-13C7-8484-4AC65E1B71E8}
		{FD70B11D-DDBB-43C6-A769-F83EEDA7E180} = {02EA681E-C7D8-13C7-8484-4AC65E1B71E8}
		{C93C4DF3-CB96-40B0-85D9-A054C91EC7D5} = {02EA681E-C7D8-13C7-8484-4AC65E1B71E8}
		{308CBD09-61F4-4ECD-80D6-2397FF164982} = {CFDCFBC6-7531-4863-A31A-85DCAAE4B900}
		{9F43A6D0-6BF3-4CDB-BC1A-CFBF4CE2C4E5} = {CFDCFBC6-7531-4863-A31A-85DCAAE4B900}
		{5EFED3C2-7914-4192-8578-407A4E99763A} = {CFDCFBC6-7531-4863-A31A-85DCAAE4B900}
		{8BD9B616-7C19-486B-8B79-08E3060243DE} = {CFDCFBC6-7531-4863-A31A-85DCAAE4B900}
		{3DC98464-71AD-46A2-B6D9-5A70DBD504A0} = {A37FF3D9-2E38-49B3-88D3-502D45B9E244}
		{1D5326E6-139C-4D9B-8499-F475B5B6126B} = {8EC462FD-D22E-90A8-E5CE-7E832BA40C5D}
		{464DDC64-829D-4594-AED8-2EF167DA2BCC} = {7CCCAA23-CB53-4E64-BA36-877C425A0161}
		{49CFE91C-5235-44EA-B451-2AA537970249} = {7CCCAA23-CB53-4E64-BA36-877C425A0161}
		{9879787E-99FB-4E3A-866A-9298DBDAC31C} = {A37FF3D9-2E38-49B3-88D3-502D45B9E244}
	EndGlobalSection
	GlobalSection(ExtensibilityGlobals) = postSolution
		SolutionGuid = {A0E3977D-457A-4D1F-86F8-1ABC6B490C2F}
	EndGlobalSection
EndGlobal
